
Microsoft Visual Studio Solution File, Format Version 12.00
Project("{FAE04EC0-301F-11D3-BF4B-00C04F79EFBC}") = "DirectoryScanner.Core", "DirectoryScanner.Core\DirectoryScanner.Core.csproj", "{91F6FEA4-06F3-4067-85E0-4C52111D1587}"
EndProject
Project("{FAE04EC0-301F-11D3-BF4B-00C04F79EFBC}") = "UnitTests", "UnitTests\UnitTests.csproj", "{BA0EB869-78BC-4D8A-81B2-CADEFC01F06B}"
EndProject
Project("{FAE04EC0-301F-11D3-BF4B-00C04F79EFBC}") = "DirectoryScanner.UI", "DirectoryScanner.UI\DirectoryScanner.UI.csproj", "{0906A627-104E-4367-BD6C-703572782D9C}"
EndProject
Global
	GlobalSection(SolutionConfigurationPlatforms) = preSolution
		Debug|Any CPU = Debug|Any CPU
		Release|Any CPU = Release|Any CPU
	EndGlobalSection
	GlobalSection(ProjectConfigurationPlatforms) = postSolution
		{91F6FEA4-06F3-4067-85E0-4C52111D1587}.Debug|Any CPU.ActiveCfg = Debug|Any CPU
		{91F6FEA4-06F3-4067-85E0-4C52111D1587}.Debug|Any CPU.Build.0 = Debug|Any CPU
		{91F6FEA4-06F3-4067-85E0-4C52111D1587}.Release|Any CPU.ActiveCfg = Release|Any CPU
		{91F6FEA4-06F3-4067-85E0-4C52111D1587}.Release|Any CPU.Build.0 = Release|Any CPU
		{BA0EB869-78BC-4D8A-81B2-CADEFC01F06B}.Debug|Any CPU.ActiveCfg = Debug|Any CPU
		{BA0EB869-78BC-4D8A-81B2-CADEFC01F06B}.Debug|Any CPU.Build.0 = Debug|Any CPU
		{BA0EB869-78BC-4D8A-81B2-CADEFC01F06B}.Release|Any CPU.ActiveCfg = Release|Any CPU
		{BA0EB869-78BC-4D8A-81B2-CADEFC01F06B}.Release|Any CPU.Build.0 = Release|Any CPU
		{0906A627-104E-4367-BD6C-703572782D9C}.Debug|Any CPU.ActiveCfg = Debug|Any CPU
		{0906A627-104E-4367-BD6C-703572782D9C}.Debug|Any CPU.Build.0 = Debug|Any CPU
		{0906A627-104E-4367-BD6C-703572782D9C}.Release|Any CPU.ActiveCfg = Release|Any CPU
		{0906A627-104E-4367-BD6C-703572782D9C}.Release|Any CPU.Build.0 = Release|Any CPU
	EndGlobalSection
EndGlobal
